lockfileVersion: '9.0'

settings:
  autoInstallPeers: true
  excludeLinksFromLockfile: false

importers:

  .:
    dependencies:
      '@changesets/parse':
        specifier: 1.0.0
        version: 1.0.0

packages:

  '@changesets/parse@1.0.0':
    resolution: {integrity: sha512-P0iaMb9p9CRYZiTgAllEIF9AUMQHIy1G72tKlcIqJp61icZSsKQNiOPdxAMZG8m/DvZwt/oz5xEbTpike//dWg==}
    engines: {node: ^22.11 || ^24 || >=26}

  '@changesets/types@7.0.0':
    resolution: {integrity: sha512-c5GoiQyt3pxiXjrWSNoP8/GRf4kG+VnKzovx1OQM8dYYALlSwgedmkPmJ+ZqGxqwg9D3Bkj85Uo4KLd5BN3A0w==}
    engines: {node: ^22.11 || ^24 || >=26}

  yaml@2.9.0:
    resolution: {integrity: sha512-2AvhNX3mb8zd6Zy7INTtSpl1F15HW6Wnqj0srWlkKLcpYl/gMIMJiyuGq2KeI2YFxUPjdlB+3Lc10seMLtL4cA==}
    engines: {node: '>= 14.6'}
    hasBin: true

snapshots:

  '@changesets/parse@1.0.0':
    dependencies:
      '@changesets/types': 7.0.0
      yaml: 2.9.0

  '@changesets/types@7.0.0': {}

  yaml@2.9.0: {}
